
Microsoft Visual Studio Solution File, Format Version 12.00
# Visual Studio Version 17
VisualStudioVersion = 17.14.36202.13 d17.14
MinimumVisualStudioVersion = 10.0.40219.1
Project("{FAE04EC0-301F-11D3-BF4B-00C04F79EFBC}") = "HR_Management", "HR_Management\HR_Management.csproj", "{373E4B1C-EC88-405F-AE32-0381B3405C5B}"
EndProject
Project("{FAE04EC0-301F-11D3-BF4B-00C04F79EFBC}") = "HR_Management.Core", "HR_Management.Core\HR_Management.Core.csproj", "{A7402A8C-55EC-4315-8D4C-1F5C0D1B3CB0}"
EndProject
Project("{FAE04EC0-301F-11D3-BF4B-00C04F79EFBC}") = "HR_Management.Infrastructure", "HR_Management.Infrastructure\HR_Management.Infrastructure.csproj", "{6C4D8C11-F648-4CCB-8BE2-5A94B02EA45F}"
EndProject
Project("{FAE04EC0-301F-11D3-BF4B-00C04F79EFBC}") = "HR_Management.ServiceLayer", "HR_Management.ServiceLayer\HR_Management.ServiceLayer.csproj", "{7FECC7AF-2F13-4EDE-B15F-126861B506D0}"
EndProject
Global
	GlobalSection(SolutionConfigurationPlatforms) = preSolution
		Debug|Any CPU = Debug|Any CPU
		Release|Any CPU = Release|Any CPU
	EndGlobalSection
	GlobalSection(ProjectConfigurationPlatforms) = postSolution
		{373E4B1C-EC88-405F-AE32-0381B3405C5B}.Debug|Any CPU.ActiveCfg = Debug|Any CPU
		{373E4B1C-EC88-405F-AE32-0381B3405C5B}.Debug|Any CPU.Build.0 = Debug|Any CPU
		{373E4B1C-EC88-405F-AE32-0381B3405C5B}.Release|Any CPU.ActiveCfg = Release|Any CPU
		{373E4B1C-EC88-405F-AE32-0381B3405C5B}.Release|Any CPU.Build.0 = Release|Any CPU
		{A7402A8C-55EC-4315-8D4C-1F5C0D1B3CB0}.Debug|Any CPU.ActiveCfg = Debug|Any CPU
		{A7402A8C-55EC-4315-8D4C-1F5C0D1B3CB0}.Debug|Any CPU.Build.0 = Debug|Any CPU
		{A7402A8C-55EC-4315-8D4C-1F5C0D1B3CB0}.Release|Any CPU.ActiveCfg = Release|Any CPU
		{A7402A8C-55EC-4315-8D4C-1F5C0D1B3CB0}.Release|Any CPU.Build.0 = Release|Any CPU
		{6C4D8C11-F648-4CCB-8BE2-5A94B02EA45F}.Debug|Any CPU.ActiveCfg = Debug|Any CPU
		{6C4D8C11-F648-4CCB-8BE2-5A94B02EA45F}.Debug|Any CPU.Build.0 = Debug|Any CPU
		{6C4D8C11-F648-4CCB-8BE2-5A94B02EA45F}.Release|Any CPU.ActiveCfg = Release|Any CPU
		{6C4D8C11-F648-4CCB-8BE2-5A94B02EA45F}.Release|Any CPU.Build.0 = Release|Any CPU
		{7FECC7AF-2F13-4EDE-B15F-126861B506D0}.Debug|Any CPU.ActiveCfg = Debug|Any CPU
		{7FECC7AF-2F13-4EDE-B15F-126861B506D0}.Debug|Any CPU.Build.0 = Debug|Any CPU
		{7FECC7AF-2F13-4EDE-B15F-126861B506D0}.Release|Any CPU.ActiveCfg = Release|Any CPU
		{7FECC7AF-2F13-4EDE-B15F-126861B506D0}.Release|Any CPU.Build.0 = Release|Any CPU
	EndGlobalSection
	GlobalSection(SolutionProperties) = preSolution
		HideSolutionNode = FALSE
	EndGlobalSection
	GlobalSection(ExtensibilityGlobals) = postSolution
		SolutionGuid = {6EA62435-2BFA-460C-8B4C-123D56751201}
	EndGlobalSection
EndGlobal
